// !$*UTF8*$!
{
 archiveVersion = 1; classes = {}; objectVersion = 56;
 objects = {
 A1 = {isa = PBXProject; attributes = {LastSwiftUpdateCheck = 1600; LastUpgradeCheck = 1600;}; buildConfigurationList = C1; compatibilityVersion = "Xcode 14.0"; developmentRegion = en; knownRegions = (en, Base); mainGroup = G1; productRefGroup = G2; projectDirPath = ""; projectRoot = ""; targets = (T1);};
 G1 = {isa = PBXGroup; children = (G3,G2); sourceTree = "<group>";};
 G2 = {isa = PBXGroup; children = (P1); name = Products; sourceTree = "<group>";};
 G3 = {isa = PBXGroup; children = (F1,F2,F3,F4); path = FAWAZPHO; sourceTree = "<group>";};
 F1 = {isa = PBXFileReference; lastKnownFileType = sourcecode.swift; path = FAWAZPHOApp.swift; sourceTree = "<group>";};
 F2 = {isa = PBXFileReference; lastKnownFileType = sourcecode.swift; path = ContentView.swift; sourceTree = "<group>";};
 F3 = {isa = PBXFileReference; lastKnownFileType = folder.assetcatalog; path = Assets.xcassets; sourceTree = "<group>";};
 F4 = {isa = PBXFileReference; lastKnownFileType = text.plist.xml; path = Info.plist; sourceTree = "<group>";};
 P1 = {isa = PBXFileReference; explicitFileType = wrapper.application; includeInIndex = 0; path = FAWAZPHO.app; sourceTree = BUILT_PRODUCTS_DIR;};
 B1 = {isa = PBXBuildFile; fileRef = F1;}; B2 = {isa = PBXBuildFile; fileRef = F2;}; B3 = {isa = PBXBuildFile; fileRef = F3;};
 S1 = {isa = PBXSourcesBuildPhase; buildActionMask = 2147483647; files = (B1,B2); runOnlyForDeploymentPostprocessing = 0;};
 R1 = {isa = PBXResourcesBuildPhase; buildActionMask = 2147483647; files = (B3); runOnlyForDeploymentPostprocessing = 0;};
 FW1 = {isa = PBXFrameworksBuildPhase; buildActionMask = 2147483647; files = (); runOnlyForDeploymentPostprocessing = 0;};
 T1 = {isa = PBXNativeTarget; buildConfigurationList = C2; buildPhases = (S1,FW1,R1); buildRules = (); dependencies = (); name = FAWAZPHO; productName = FAWAZPHO; productReference = P1; productType = "com.apple.product-type.application";};
 C1 = {isa = XCConfigurationList; buildConfigurations = (D1,RD1); defaultConfigurationIsVisible = 0; defaultConfigurationName = Release;};
 C2 = {isa = XCConfigurationList; buildConfigurations = (D2,RD2); defaultConfigurationIsVisible = 0; defaultConfigurationName = Release;};
 D1 = {isa = XCBuildConfiguration; buildSettings = {SWIFT_VERSION = 5.0;}; name = Debug;};
 RD1 = {isa = XCBuildConfiguration; buildSettings = {SWIFT_VERSION = 5.0;}; name = Release;};
 D2 = {isa = XCBuildConfiguration; buildSettings = {ASSETCATALOG_COMPILER_APPICON_NAME = AppIcon; CODE_SIGN_STYLE = Automatic; CURRENT_PROJECT_VERSION = 1; DEVELOPMENT_TEAM = Q5RJ55W28X; GENERATE_INFOPLIST_FILE = NO; INFOPLIST_FILE = FAWAZPHO/Info.plist; IPHONEOS_DEPLOYMENT_TARGET = 16.0; MARKETING_VERSION = 1.0; PRODUCT_BUNDLE_IDENTIFIER = com.fawazpho.app; PRODUCT_NAME = "$(TARGET_NAME)"; SDKROOT = iphoneos; SUPPORTED_PLATFORMS = "iphoneos iphonesimulator"; SWIFT_VERSION = 5.0; TARGETED_DEVICE_FAMILY = 1;}; name = Debug;};
 RD2 = {isa = XCBuildConfiguration; buildSettings = {ASSETCATALOG_COMPILER_APPICON_NAME = AppIcon; CODE_SIGN_STYLE = Automatic; CURRENT_PROJECT_VERSION = 1; DEVELOPMENT_TEAM = Q5RJ55W28X; GENERATE_INFOPLIST_FILE = NO; INFOPLIST_FILE = FAWAZPHO/Info.plist; IPHONEOS_DEPLOYMENT_TARGET = 16.0; MARKETING_VERSION = 1.0; PRODUCT_BUNDLE_IDENTIFIER = com.fawazpho.app; PRODUCT_NAME = "$(TARGET_NAME)"; SDKROOT = iphoneos; SUPPORTED_PLATFORMS = "iphoneos iphonesimulator"; SWIFT_COMPILATION_MODE = wholemodule; SWIFT_VERSION = 5.0; TARGETED_DEVICE_FAMILY = 1; VALIDATE_PRODUCT = YES;}; name = Release;};
 };
 rootObject = A1;
}
